# This file is generated by running "yarn install" inside your project.
# Manual changes might be lost - proceed with caution!

__metadata:
  version: 6
  cacheKey: 8

"@aws-crypto/ie11-detection@npm:^2.0.0":
  version: 2.0.0
  resolution: "@aws-crypto/ie11-detection@npm:2.0.0"
  dependencies:
    tslib: ^1.11.1
  checksum: dd15daa1160ecdf28b9c930dcbd7f8bc96e74d7f791134974b672f5d36182274c76db4fff414385cdb8997a8b7ade991988a571aaac3184e226e2ed6428d895f
  languageName: node
  linkType: hard

"@aws-crypto/sha256-browser@npm:2.0.0":
  version: 2.0.0
  resolution: "@aws-crypto/sha256-browser@npm:2.0.0"
  dependencies:
    "@aws-crypto/ie11-detection": ^2.0.0
    "@aws-crypto/sha256-js": ^2.0.0
    "@aws-crypto/supports-web-crypto": ^2.0.0
    "@aws-crypto/util": ^2.0.0
    "@aws-sdk/types": ^3.1.0
    "@aws-sdk/util-locate-window": ^3.0.0
    "@aws-sdk/util-utf8-browser": ^3.0.0
    tslib: ^1.11.1
  checksum: 7bc1ff042d0c53a46c0fc3824bd97fb3ed1df7dc030b8a995889471052860b8c8ade469c97866fafd8249a3144d0f48b0f1054f357e2b403606009381c4b8f0e
  languageName: node
  linkType: hard

"@aws-crypto/sha256-js@npm:2.0.0":
  version: 2.0.0
  resolution: "@aws-crypto/sha256-js@npm:2.0.0"
  dependencies:
    "@aws-crypto/util": ^2.0.0
    "@aws-sdk/types": ^3.1.0
    tslib: ^1.11.1
  checksum: e4abf9baec6bed19d380f92a999a41ac5bdd8890dfd45971d29054c298854c5b7087e7de633413f2e64618ef8238ccf4c0b75797c73063c74bbba3cb5d8b2581
  languageName: node
  linkType: hard

"@aws-crypto/sha256-js@npm:^2.0.0":
  version: 2.0.1
  resolution: "@aws-crypto/sha256-js@npm:2.0.1"
  dependencies:
    "@aws-crypto/util": ^2.0.1
    "@aws-sdk/types": ^3.1.0
    tslib: ^1.11.1
  checksum: d5f07a5dde2cde277b63e781adc3fb0d04e202f56d159b50089f3bfd8bf657db1c35e18813e2ec6c3771dfdf0d0d6eb13f36a8ad021b5db7d2bb8fdc9f06dce3
  languageName: node
  linkType: hard

"@aws-crypto/supports-web-crypto@npm:^2.0.0":
  version: 2.0.0
  resolution: "@aws-crypto/supports-web-crypto@npm:2.0.0"
  dependencies:
    tslib: ^1.11.1
  checksum: 77fad3813a5d3c495296fb836293184d32aeddacd436bf7d1b59b93d87de4cf7c0dbf862d4eaf915259edfb7b424ea05e2ceeddbaa1588a154d0c19df455c475
  languageName: node
  linkType: hard

"@aws-crypto/util@npm:^2.0.0, @aws-crypto/util@npm:^2.0.1":
  version: 2.0.1
  resolution: "@aws-crypto/util@npm:2.0.1"
  dependencies:
    "@aws-sdk/types": ^3.1.0
    "@aws-sdk/util-utf8-browser": ^3.0.0
    tslib: ^1.11.1
  checksum: 83d7edea95336869854eb98bf53416a70ee824a03c8858779abcef7b7f35813ba3ba0aaa571d87c416bdcec78b620e825fe9e65769a15d2009af0ccb279ef981
  languageName: node
  linkType: hard

"@aws-sdk/abort-controller@npm:3.127.0":
  version: 3.127.0
  resolution: "@aws-sdk/abort-controller@npm:3.127.0"
  dependencies:
    "@aws-sdk/types": 3.127.0
    tslib: ^2.3.1
  checksum: 9768573f8788db6fbed2a72a431860f6edb70a0795b78f2400993f91f471ad543e61eaca7503be949052af4ca953b23cc9b11e8bed5a3735198b65701349d759
  languageName: node
  linkType: hard

"@aws-sdk/client-dynamodb@npm:3.131.0":
  version: 3.131.0
  resolution: "@aws-sdk/client-dynamodb@npm:3.131.0"
  dependencies:
    "@aws-crypto/sha256-browser": 2.0.0
    "@aws-crypto/sha256-js": 2.0.0
    "@aws-sdk/client-sts": 3.131.0
    "@aws-sdk/config-resolver": 3.130.0
    "@aws-sdk/credential-provider-node": 3.131.0
    "@aws-sdk/fetch-http-handler": 3.131.0
    "@aws-sdk/hash-node": 3.127.0
    "@aws-sdk/invalid-dependency": 3.127.0
    "@aws-sdk/middleware-content-length": 3.127.0
    "@aws-sdk/middleware-endpoint-discovery": 3.130.0
    "@aws-sdk/middleware-host-header": 3.127.0
    "@aws-sdk/middleware-logger": 3.127.0
    "@aws-sdk/middleware-recursion-detection": 3.127.0
    "@aws-sdk/middleware-retry": 3.127.0
    "@aws-sdk/middleware-serde": 3.127.0
    "@aws-sdk/middleware-signing": 3.130.0
    "@aws-sdk/middleware-stack": 3.127.0
    "@aws-sdk/middleware-user-agent": 3.127.0
    "@aws-sdk/node-config-provider": 3.127.0
    "@aws-sdk/node-http-handler": 3.127.0
    "@aws-sdk/protocol-http": 3.127.0
    "@aws-sdk/smithy-client": 3.127.0
    "@aws-sdk/types": 3.127.0
    "@aws-sdk/url-parser": 3.127.0
    "@aws-sdk/util-base64-browser": 3.109.0
    "@aws-sdk/util-base64-node": 3.55.0
    "@aws-sdk/util-body-length-browser": 3.55.0
    "@aws-sdk/util-body-length-node": 3.55.0
    "@aws-sdk/util-defaults-mode-browser": 3.127.0
    "@aws-sdk/util-defaults-mode-node": 3.130.0
    "@aws-sdk/util-user-agent-browser": 3.127.0
    "@aws-sdk/util-user-agent-node": 3.127.0
    "@aws-sdk/util-utf8-browser": 3.109.0
    "@aws-sdk/util-utf8-node": 3.109.0
    "@aws-sdk/util-waiter": 3.127.0
    tslib: ^2.3.1
    uuid: ^8.3.2
  checksum: bf0ff44cb4a9c46944843485de442d7ff485d3d1875400b1138897732400179d7e5f4525ed461ac0a343c816fae533d4c7425e1e6c58eb7c445de4777d8a2f35
  languageName: node
  linkType: hard

"@aws-sdk/client-sso@npm:3.131.0":
  version: 3.131.0
  resolution: "@aws-sdk/client-sso@npm:3.131.0"
  dependencies:
    "@aws-crypto/sha256-browser": 2.0.0
    "@aws-crypto/sha256-js": 2.0.0
    "@aws-sdk/config-resolver": 3.130.0
    "@aws-sdk/fetch-http-handler": 3.131.0
    "@aws-sdk/hash-node": 3.127.0
    "@aws-sdk/invalid-dependency": 3.127.0
    "@aws-sdk/middleware-content-length": 3.127.0
    "@aws-sdk/middleware-host-header": 3.127.0
    "@aws-sdk/middleware-logger": 3.127.0
    "@aws-sdk/middleware-recursion-detection": 3.127.0
    "@aws-sdk/middleware-retry": 3.127.0
    "@aws-sdk/middleware-serde": 3.127.0
    "@aws-sdk/middleware-stack": 3.127.0
    "@aws-sdk/middleware-user-agent": 3.127.0
    "@aws-sdk/node-config-provider": 3.127.0
    "@aws-sdk/node-http-handler": 3.127.0
    "@aws-sdk/protocol-http": 3.127.0
    "@aws-sdk/smithy-client": 3.127.0
    "@aws-sdk/types": 3.127.0
    "@aws-sdk/url-parser": 3.127.0
    "@aws-sdk/util-base64-browser": 3.109.0
    "@aws-sdk/util-base64-node": 3.55.0
    "@aws-sdk/util-body-length-browser": 3.55.0
    "@aws-sdk/util-body-length-node": 3.55.0
    "@aws-sdk/util-defaults-mode-browser": 3.127.0
    "@aws-sdk/util-defaults-mode-node": 3.130.0
    "@aws-sdk/util-user-agent-browser": 3.127.0
    "@aws-sdk/util-user-agent-node": 3.127.0
    "@aws-sdk/util-utf8-browser": 3.109.0
    "@aws-sdk/util-utf8-node": 3.109.0
    tslib: ^2.3.1
  checksum: cc19459102bf1e4714219c5c1ec4ddd785ec6988812fed4c1c24269469aff39c8be87641f3b3202e0016b07fba06844d32f47cb0e1f7a99f8a49d9cb3d190e53
  languageName: node
  linkType: hard

"@aws-sdk/client-sts@npm:3.131.0":
  version: 3.131.0
  resolution: "@aws-sdk/client-sts@npm:3.131.0"
  dependencies:
    "@aws-crypto/sha256-browser": 2.0.0
    "@aws-crypto/sha256-js": 2.0.0
    "@aws-sdk/config-resolver": 3.130.0
    "@aws-sdk/credential-provider-node": 3.131.0
    "@aws-sdk/fetch-http-handler": 3.131.0
    "@aws-sdk/hash-node": 3.127.0
    "@aws-sdk/invalid-dependency": 3.127.0
    "@aws-sdk/middleware-content-length": 3.127.0
    "@aws-sdk/middleware-host-header": 3.127.0
    "@aws-sdk/middleware-logger": 3.127.0
    "@aws-sdk/middleware-recursion-detection": 3.127.0
    "@aws-sdk/middleware-retry": 3.127.0
    "@aws-sdk/middleware-sdk-sts": 3.130.0
    "@aws-sdk/middleware-serde": 3.127.0
    "@aws-sdk/middleware-signing": 3.130.0
    "@aws-sdk/middleware-stack": 3.127.0
    "@aws-sdk/middleware-user-agent": 3.127.0
    "@aws-sdk/node-config-provider": 3.127.0
    "@aws-sdk/node-http-handler": 3.127.0
    "@aws-sdk/protocol-http": 3.127.0
    "@aws-sdk/smithy-client": 3.127.0
    "@aws-sdk/types": 3.127.0
    "@aws-sdk/url-parser": 3.127.0
    "@aws-sdk/util-base64-browser": 3.109.0
    "@aws-sdk/util-base64-node": 3.55.0
    "@aws-sdk/util-body-length-browser": 3.55.0
    "@aws-sdk/util-body-length-node": 3.55.0
    "@aws-sdk/util-defaults-mode-browser": 3.127.0
    "@aws-sdk/util-defaults-mode-node": 3.130.0
    "@aws-sdk/util-user-agent-browser": 3.127.0
    "@aws-sdk/util-user-agent-node": 3.127.0
    "@aws-sdk/util-utf8-browser": 3.109.0
    "@aws-sdk/util-utf8-node": 3.109.0
    entities: 2.2.0
    fast-xml-parser: 3.19.0
    tslib: ^2.3.1
  checksum: 117ffeedd41da391c563d7e7cbd65c3237a556010e9cf5fd96c64fd999f49bfab340ae770e1dfdb171db7d79a3cd3ad72c62de39783ba2456ede95d8b638180e
  languageName: node
  linkType: hard

"@aws-sdk/config-resolver@npm:3.130.0":
  version: 3.130.0
  resolution: "@aws-sdk/config-resolver@npm:3.130.0"
  dependencies:
    "@aws-sdk/signature-v4": 3.130.0
    "@aws-sdk/types": 3.127.0
    "@aws-sdk/util-config-provider": 3.109.0
    "@aws-sdk/util-middleware": 3.127.0
    tslib: ^2.3.1
  checksum: 33fa2be1c94fffa2a053a53a2db3402f02493cacade3aff65d70474d404d71c1825c35dd78a3d87f9434b0f4212437bc82f83f10ae7cebdcfcfb0891145ce1ce
  languageName: node
  linkType: hard

"@aws-sdk/credential-provider-env@npm:3.127.0":
  version: 3.127.0
  resolution: "@aws-sdk/credential-provider-env@npm:3.127.0"
  dependencies:
    "@aws-sdk/property-provider": 3.127.0
    "@aws-sdk/types": 3.127.0
    tslib: ^2.3.1
  checksum: e4cc8bd53b67d07f9ff0b1eae9193e8a1bffdc167a49f09d96334476f6d165652a6ff68ba306c044d4ceeb84be4181104f1452d59ff75c7a284a6fde1516556b
  languageName: node
  linkType: hard

"@aws-sdk/credential-provider-imds@npm:3.127.0":
  version: 3.127.0
  resolution: "@aws-sdk/credential-provider-imds@npm:3.127.0"
  dependencies:
    "@aws-sdk/node-config-provider": 3.127.0
    "@aws-sdk/property-provider": 3.127.0
    "@aws-sdk/types": 3.127.0
    "@aws-sdk/url-parser": 3.127.0
    tslib: ^2.3.1
  checksum: f117bd18114cfee7f9a0201cc53244957f489b780ab5f57ef1c9896a9838688ffb9c7d3a4a6db366629aff2f7a99dab95a6b149130ccb0deab25f6fc04cd9edd
  languageName: node
  linkType: hard

"@aws-sdk/credential-provider-ini@npm:3.131.0":
  version: 3.131.0
  resolution: "@aws-sdk/credential-provider-ini@npm:3.131.0"
  dependencies:
    "@aws-sdk/credential-provider-env": 3.127.0
    "@aws-sdk/credential-provider-imds": 3.127.0
    "@aws-sdk/credential-provider-sso": 3.131.0
    "@aws-sdk/credential-provider-web-identity": 3.127.0
    "@aws-sdk/property-provider": 3.127.0
    "@aws-sdk/shared-ini-file-loader": 3.127.0
    "@aws-sdk/types": 3.127.0
    tslib: ^2.3.1
  checksum: 66f6d0fc5350e0615dcf2f784f925ef20a6a9ff99a2f230e5f98734f6419097f8e4944fbdee090c8ce55515db64d6cf92329aed0e9532dc0fb269839696f68cc
  languageName: node
  linkType: hard

"@aws-sdk/credential-provider-node@npm:3.131.0":
  version: 3.131.0
  resolution: "@aws-sdk/credential-provider-node@npm:3.131.0"
  dependencies:
    "@aws-sdk/credential-provider-env": 3.127.0
    "@aws-sdk/credential-provider-imds": 3.127.0
    "@aws-sdk/credential-provider-ini": 3.131.0
    "@aws-sdk/credential-provider-process": 3.127.0
    "@aws-sdk/credential-provider-sso": 3.131.0
    "@aws-sdk/credential-provider-web-identity": 3.127.0
    "@aws-sdk/property-provider": 3.127.0
    "@aws-sdk/shared-ini-file-loader": 3.127.0
    "@aws-sdk/types": 3.127.0
    tslib: ^2.3.1
  checksum: faad2dc9e9138f3e926d706f14c5cbd20f513913b903dbbced58eedef850e974870f74ff31b8ec2fbeb9076e8a0c7f14b83c456c438a9fa0ef23507bb46cd3c0
  languageName: node
  linkType: hard

"@aws-sdk/credential-provider-process@npm:3.127.0":
  version: 3.127.0
  resolution: "@aws-sdk/credential-provider-process@npm:3.127.0"
  dependencies:
    "@aws-sdk/property-provider": 3.127.0
    "@aws-sdk/shared-ini-file-loader": 3.127.0
    "@aws-sdk/types": 3.127.0
    tslib: ^2.3.1
  checksum: 60becf9f7d939c11a7b8aa8b6116c37f7d8069d1049a39404ca1f839771c6da4226e58a0acea3830ec591df3949fe5c703b9cd11e42a4f0b6d4cc54c8b4127dd
  languageName: node
  linkType: hard

"@aws-sdk/credential-provider-sso@npm:3.131.0":
  version: 3.131.0
  resolution: "@aws-sdk/credential-provider-sso@npm:3.131.0"
  dependencies:
    "@aws-sdk/client-sso": 3.131.0
    "@aws-sdk/property-provider": 3.127.0
    "@aws-sdk/shared-ini-file-loader": 3.127.0
    "@aws-sdk/types": 3.127.0
    tslib: ^2.3.1
  checksum: 881cc54ff139c01fdad1f159d96ba30208a58561335390615119332b451416e8065c732666b67b3bfbc0e4f471f481fb21afb92b94d4c6a8227a348a80e5849d
  languageName: node
  linkType: hard

"@aws-sdk/credential-provider-web-identity@npm:3.127.0":
  version: 3.127.0
  resolution: "@aws-sdk/credential-provider-web-identity@npm:3.127.0"
  dependencies:
    "@aws-sdk/property-provider": 3.127.0
    "@aws-sdk/types": 3.127.0
    tslib: ^2.3.1
  checksum: 359bc73eff0593e77e969a5e6506fedd93bd9e32f01043e044a5813dc445f7a5886bfac2676cabfc5c8a913dfc9c71e77fc68dfdd86ec5f1c293a342b42a13ee
  languageName: node
  linkType: hard

"@aws-sdk/endpoint-cache@npm:3.55.0":
  version: 3.55.0
  resolution: "@aws-sdk/endpoint-cache@npm:3.55.0"
  dependencies:
    mnemonist: 0.38.3
    tslib: ^2.3.1
  checksum: 562f0ebaca1717010a23bca507a1118afd191a7a2eb87fb2d331361180f2f98f8ba3d0955f0a90fc2ff72e2b5832bb03577ea52cb9c5699ee28df1abc30c5b6a
  languageName: node
  linkType: hard

"@aws-sdk/fetch-http-handler@npm:3.131.0":
  version: 3.131.0
  resolution: "@aws-sdk/fetch-http-handler@npm:3.131.0"
  dependencies:
    "@aws-sdk/protocol-http": 3.127.0
    "@aws-sdk/querystring-builder": 3.127.0
    "@aws-sdk/types": 3.127.0
    "@aws-sdk/util-base64-browser": 3.109.0
    tslib: ^2.3.1
  checksum: 7bd5a83b929e59b86058c7a834daa8eedc7eab7a6bdb2016ff8898637c28bf7062830b108a45d70890062aa0f15271501290c18b06926a8af1bcb8d181817600
  languageName: node
  linkType: hard

"@aws-sdk/hash-node@npm:3.127.0":
  version: 3.127.0
  resolution: "@aws-sdk/hash-node@npm:3.127.0"
  dependencies:
    "@aws-sdk/types": 3.127.0
    "@aws-sdk/util-buffer-from": 3.55.0
    tslib: ^2.3.1
  checksum: fb07d9cd29cae316a1a4c0cd448489d6e14bd386fa49b08832d015c8bbcc59cad94e21fdd2f74f8dab08e0c01e1e0cddeac47f48d89dc766d10e95a0a62e7a23
  languageName: node
  linkType: hard

"@aws-sdk/invalid-dependency@npm:3.127.0":
  version: 3.127.0
  resolution: "@aws-sdk/invalid-dependency@npm:3.127.0"
  dependencies:
    "@aws-sdk/types": 3.127.0
    tslib: ^2.3.1
  checksum: 456b675fd05716050d2dfc325f92918cbd5bbd11c90096673eb7bc66f61ef55021459e893839b8b62ac09ee320ef77924c30cb25530fa1c74b848f3989695fbd
  languageName: node
  linkType: hard

"@aws-sdk/is-array-buffer@npm:3.55.0":
  version: 3.55.0
  resolution: "@aws-sdk/is-array-buffer@npm:3.55.0"
  dependencies:
    tslib: ^2.3.1
  checksum: 527481f024166197b84a2b4859b51df9b6da4396255c19832e8fdb2f6dfc914dab8ad89433602f8d797f3f8dacc312ab8a0073b2c8e20dc85a28ad9d27aceaa7
  languageName: node
  linkType: hard

"@aws-sdk/middleware-content-length@npm:3.127.0":
  version: 3.127.0
  resolution: "@aws-sdk/middleware-content-length@npm:3.127.0"
  dependencies:
    "@aws-sdk/protocol-http": 3.127.0
    "@aws-sdk/types": 3.127.0
    tslib: ^2.3.1
  checksum: 817f74342e862bb10e871d09cf937d7bb7eb5189b2ec4b8ce7b0657c38c74b5d0b6be8143f6618e037c5a29bef624446dfd5fe0cc0ce8114d87d5eded4778074
  languageName: node
  linkType: hard

"@aws-sdk/middleware-endpoint-discovery@npm:3.130.0":
  version: 3.130.0
  resolution: "@aws-sdk/middleware-endpoint-discovery@npm:3.130.0"
  dependencies:
    "@aws-sdk/config-resolver": 3.130.0
    "@aws-sdk/endpoint-cache": 3.55.0
    "@aws-sdk/protocol-http": 3.127.0
    "@aws-sdk/types": 3.127.0
    tslib: ^2.3.1
  checksum: c506e4630fb4051b93a9c7599fda17de27b27cdb104485e4cff5bb096e5a38063d203844973aad29c2353a10aa8615b362072d64923b50656c11d00f2e9c9f84
  languageName: node
  linkType: hard

"@aws-sdk/middleware-host-header@npm:3.127.0":
  version: 3.127.0
  resolution: "@aws-sdk/middleware-host-header@npm:3.127.0"
  dependencies:
    "@aws-sdk/protocol-http": 3.127.0
    "@aws-sdk/types": 3.127.0
    tslib: ^2.3.1
  checksum: 8ec8a7f7b260c6f3608ba6500586aefd024ac859baaccca9cbea73dfa43fc95cf3a123e369798c6bbd36ed7f3eb36482b5b2a41f46b0eb1416f94d6829e92e9f
  languageName: node
  linkType: hard

"@aws-sdk/middleware-logger@npm:3.127.0":
  version: 3.127.0
  resolution: "@aws-sdk/middleware-logger@npm:3.127.0"
  dependencies:
    "@aws-sdk/types": 3.127.0
    tslib: ^2.3.1
  checksum: edc37f262bdab27bd0d1e26ed1ec1656d8257e9b9db58f45ccd0eb9ff9a39f71deb43955a843d440adce73a608a499ce7478780b774b5fb057bc4769dd7ee27d
  languageName: node
  linkType: hard

"@aws-sdk/middleware-recursion-detection@npm:3.127.0":
  version: 3.127.0
  resolution: "@aws-sdk/middleware-recursion-detection@npm:3.127.0"
  dependencies:
    "@aws-sdk/protocol-http": 3.127.0
    "@aws-sdk/types": 3.127.0
    tslib: ^2.3.1
  checksum: dd04f307c4501bc35fef048a748a5d668061725b10d7cc39143404773049687957fa046b406677ce625279c1d2161cba17b0c639cb59579fc091abd06b91a719
  languageName: node
  linkType: hard

"@aws-sdk/middleware-retry@npm:3.127.0":
  version: 3.127.0
  resolution: "@aws-sdk/middleware-retry@npm:3.127.0"
  dependencies:
    "@aws-sdk/protocol-http": 3.127.0
    "@aws-sdk/service-error-classification": 3.127.0
    "@aws-sdk/types": 3.127.0
    "@aws-sdk/util-middleware": 3.127.0
    tslib: ^2.3.1
    uuid: ^8.3.2
  checksum: 314800be7d2cc1f20314ae413c029f31ef47ffc35a0a555944c87ea278ab61dafdf63cdf339effae9de66cbde542f0e25c8c8b3acf2c0d6a9cfbe59b09f646af
  languageName: node
  linkType: hard

"@aws-sdk/middleware-sdk-sts@npm:3.130.0":
  version: 3.130.0
  resolution: "@aws-sdk/middleware-sdk-sts@npm:3.130.0"
  dependencies:
    "@aws-sdk/middleware-signing": 3.130.0
    "@aws-sdk/property-provider": 3.127.0
    "@aws-sdk/protocol-http": 3.127.0
    "@aws-sdk/signature-v4": 3.130.0
    "@aws-sdk/types": 3.127.0
    tslib: ^2.3.1
  checksum: 4c83eb02d9b8f0b18d9d24704e660463d9d15cc7881c231a1ad315681e5bdd67f70d413f00ddedbcd8c5ed337df317fa6ce366e5314b4a440269bd44c0fad514
  languageName: node
  linkType: hard

"@aws-sdk/middleware-serde@npm:3.127.0":
  version: 3.127.0
  resolution: "@aws-sdk/middleware-serde@npm:3.127.0"
  dependencies:
    "@aws-sdk/types": 3.127.0
    tslib: ^2.3.1
  checksum: ff31988f06ef1b1d006ec4231d7dd8e72d60ba43d599952c504a9657308a7a0a7ef0d5610a5e73c58f66b8b168db1235c61d9276a1ef59b7ce9227d3e9eff026
  languageName: node
  linkType: hard

"@aws-sdk/middleware-signing@npm:3.130.0":
  version: 3.130.0
  resolution: "@aws-sdk/middleware-signing@npm:3.130.0"
  dependencies:
    "@aws-sdk/property-provider": 3.127.0
    "@aws-sdk/protocol-http": 3.127.0
    "@aws-sdk/signature-v4": 3.130.0
    "@aws-sdk/types": 3.127.0
    tslib: ^2.3.1
  checksum: 74e4e480a027967cb9b0e060246e98b5d134bcc5509619b57247196337e19ae31273086a9c00bedfcab22982d5d583568b99343e7f3ea7cb5b99a8dbb89c2cde
  languageName: node
  linkType: hard

"@aws-sdk/middleware-stack@npm:3.127.0":
  version: 3.127.0
  resolution: "@aws-sdk/middleware-stack@npm:3.127.0"
  dependencies:
    tslib: ^2.3.1
  checksum: 145a44b74681590edc328bb128a8f17af2b13b3e3a0c3bd8803636bafee4370db385fdc132d20ec2b0b331f849a367cb9b8b5ec37b4a705b70156c184ca9f84c
  languageName: node
  linkType: hard

"@aws-sdk/middleware-user-agent@npm:3.127.0":
  version: 3.127.0
  resolution: "@aws-sdk/middleware-user-agent@npm:3.127.0"
  dependencies:
    "@aws-sdk/protocol-http": 3.127.0
    "@aws-sdk/types": 3.127.0
    tslib: ^2.3.1
  checksum: 2967bc7fce3f4e2ec35ee650c4fad897a4bc454884ada00031a302bfdf6d53153332e5171cc760defad2bcd7acadf6549a398bf606674f642573f2786c3741e0
  languageName: node
  linkType: hard

"@aws-sdk/node-config-provider@npm:3.127.0":
  version: 3.127.0
  resolution: "@aws-sdk/node-config-provider@npm:3.127.0"
  dependencies:
    "@aws-sdk/property-provider": 3.127.0
    "@aws-sdk/shared-ini-file-loader": 3.127.0
    "@aws-sdk/types": 3.127.0
    tslib: ^2.3.1
  checksum: 733a40d93a45258c8c94702c0c5fcd829c2fcc6e3ec4c3e4d63b77ee1b01ee6591b49216b9acd80388de238603ab0a92dd0e7a09b09c654997873e574e95e4d2
  languageName: node
  linkType: hard

"@aws-sdk/node-http-handler@npm:3.127.0":
  version: 3.127.0
  resolution: "@aws-sdk/node-http-handler@npm:3.127.0"
  dependencies:
    "@aws-sdk/abort-controller": 3.127.0
    "@aws-sdk/protocol-http": 3.127.0
    "@aws-sdk/querystring-builder": 3.127.0
    "@aws-sdk/types": 3.127.0
    tslib: ^2.3.1
  checksum: 55629edb90766ab5e62db4cd3a57751d719ddf79a1ebd9a8221fc9289509589535859337726b8ea942b96bcb356881ac1fc59707b9873270bde36da870092fab
  languageName: node
  linkType: hard

"@aws-sdk/property-provider@npm:3.127.0":
  version: 3.127.0
  resolution: "@aws-sdk/property-provider@npm:3.127.0"
  dependencies:
    "@aws-sdk/types": 3.127.0
    tslib: ^2.3.1
  checksum: e78770762fb0d5d904c0d270266cb9ef580184c0aee25d1df389bff3e66f6c4cfa2c99104488539d22fa642c6102027772b85b42a07c2a90306b0c4751a81698
  languageName: node
  linkType: hard

"@aws-sdk/protocol-http@npm:3.127.0":
  version: 3.127.0
  resolution: "@aws-sdk/protocol-http@npm:3.127.0"
  dependencies:
    "@aws-sdk/types": 3.127.0
    tslib: ^2.3.1
  checksum: 2d34deb09bd1ba4316945f441f75600aa621d8fa9021c92a91582ac299d857a64572eeb87f7306e3a06c899635dccc717e1353aa290d38665be97487b13038ee
  languageName: node
  linkType: hard

"@aws-sdk/querystring-builder@npm:3.127.0":
  version: 3.127.0
  resolution: "@aws-sdk/querystring-builder@npm:3.127.0"
  dependencies:
    "@aws-sdk/types": 3.127.0
    "@aws-sdk/util-uri-escape": 3.55.0
    tslib: ^2.3.1
  checksum: ac84867b038c530821987db9fac8aaab20dd4b0d0c9fe78caee2f5dd4e8d5b6a99b8cb7ea7816476b9b13149305aea46a2c176130b586882243a82478de35473
  languageName: node
  linkType: hard

"@aws-sdk/querystring-parser@npm:3.127.0":
  version: 3.127.0
  resolution: "@aws-sdk/querystring-parser@npm:3.127.0"
  dependencies:
    "@aws-sdk/types": 3.127.0
    tslib: ^2.3.1
  checksum: 1dcb87be1586e21cc4d98653211ab1d4f484c9a8d62be0acfbd8dde3629559e079e3ca67eb20ce6bc17a53262d5d3462eb3d701573380ea216a2dd77088cd2a5
  languageName: node
  linkType: hard

"@aws-sdk/service-error-classification@npm:3.127.0":
  version: 3.127.0
  resolution: "@aws-sdk/service-error-classification@npm:3.127.0"
  checksum: dcc743ac7a480edf56eac3861d575819edd5f181f67e603c4f6cc2291ae1f88c116dc2cab19da172a1f7dc5f62195875483c5105ac2f4076ba6caf518ab3867d
  languageName: node
  linkType: hard

"@aws-sdk/shared-ini-file-loader@npm:3.127.0":
  version: 3.127.0
  resolution: "@aws-sdk/shared-ini-file-loader@npm:3.127.0"
  dependencies:
    tslib: ^2.3.1
  checksum: fa0c8ffa5d42940778b14e8f1d8998605b5d7ea43f3c19cc9dbb02f2d552c35dabc5850a5e6d3f6af68978b2171aaec435c05c648a1ecf1c2fb81fe9a60d9702
  languageName: node
  linkType: hard

"@aws-sdk/signature-v4@npm:3.130.0":
  version: 3.130.0
  resolution: "@aws-sdk/signature-v4@npm:3.130.0"
  dependencies:
    "@aws-sdk/is-array-buffer": 3.55.0
    "@aws-sdk/types": 3.127.0
    "@aws-sdk/util-hex-encoding": 3.109.0
    "@aws-sdk/util-middleware": 3.127.0
    "@aws-sdk/util-uri-escape": 3.55.0
    tslib: ^2.3.1
  checksum: 10c63fa18db144eda63727006e812b1cd504b49e5c345c94ce45a0b4b072b82f1e5ca964468868a5351b0e795f1b2945bc2f4ef81a9fa2bad26485226958c33d
  languageName: node
  linkType: hard

"@aws-sdk/smithy-client@npm:3.127.0":
  version: 3.127.0
  resolution: "@aws-sdk/smithy-client@npm:3.127.0"
  dependencies:
    "@aws-sdk/middleware-stack": 3.127.0
    "@aws-sdk/types": 3.127.0
    tslib: ^2.3.1
  checksum: 6e0435ea3f617303c5e003752f7f029dbea12a054a629803ba287a68de56f0726ac3dccb7fa315431f5d66c8482036cbd45724d9991e21f3b79043f90641ba63
  languageName: node
  linkType: hard

"@aws-sdk/types@npm:3.127.0":
  version: 3.127.0
  resolution: "@aws-sdk/types@npm:3.127.0"
  checksum: 35467177421fb180ca73eb85a327c814e3aaee11a8eabbf9f048d58ec4133d7205400ce2e3c3ef70d78a64a2359f1df2926e1a0e6f169a415c2896ff6dfb66d9
  languageName: node
  linkType: hard

"@aws-sdk/types@npm:^3.1.0":
  version: 3.78.0
  resolution: "@aws-sdk/types@npm:3.78.0"
  checksum: dd69607fb67a7e8ca934b486ee61caa290b9d65b71507168d1d03abc34fbb61c10468e9b29ec7d3dd1c5a6a0b6bbcbc0a269928c2e4b3e377d2d7ab41e1e5350
  languageName: node
  linkType: hard

"@aws-sdk/url-parser@npm:3.127.0":
  version: 3.127.0
  resolution: "@aws-sdk/url-parser@npm:3.127.0"
  dependencies:
    "@aws-sdk/querystring-parser": 3.127.0
    "@aws-sdk/types": 3.127.0
    tslib: ^2.3.1
  checksum: 5732f51d6fef2d26599cb186e230cd8e99c567f6efd7b3f27dc0ecdb660510a20a3384f00c5edb08d0e8e59fe3bcb5b8e368558aefbff2cf5201eaeb7caefa4a
  languageName: node
  linkType: hard

"@aws-sdk/util-base64-browser@npm:3.109.0":
  version: 3.109.0
  resolution: "@aws-sdk/util-base64-browser@npm:3.109.0"
  dependencies:
    tslib: ^2.3.1
  checksum: e4fb1dc0e5ac60320d4ba05dcf03b8e641c7a304f918df3134bf46c8ccf5b09d07ee283924a4cc4e9250fef582a2636bb4dac6ba71ee36662b2678dfe49d46b2
  languageName: node
  linkType: hard

"@aws-sdk/util-base64-node@npm:3.55.0":
  version: 3.55.0
  resolution: "@aws-sdk/util-base64-node@npm:3.55.0"
  dependencies:
    "@aws-sdk/util-buffer-from": 3.55.0
    tslib: ^2.3.1
  checksum: 4a2a58ae2e5d2d904271dd0433b9c15ca9a8e9d62e979c82159420ab8e1b573e96c8f223c951be2139cdfe49a09c478d165eff9468978883c4c5bcdfa7d9fd4b
  languageName: node
  linkType: hard

"@aws-sdk/util-body-length-browser@npm:3.55.0":
  version: 3.55.0
  resolution: "@aws-sdk/util-body-length-browser@npm:3.55.0"
  dependencies:
    tslib: ^2.3.1
  checksum: f10c9e1f052da751e762e807f23b768052e5d375d7e048d596ee1d607065ff0c0ef7004bd4fd136848b6a5646c1c69e43860aa7a3da80d90023b749530faad59
  languageName: node
  linkType: hard

"@aws-sdk/util-body-length-node@npm:3.55.0":
  version: 3.55.0
  resolution: "@aws-sdk/util-body-length-node@npm:3.55.0"
  dependencies:
    tslib: ^2.3.1
  checksum: 35ae66271b7160c53b344a2bd933b5882e9fcef4a47c579a2a9e313657da8b896ca6c674489767f75d148ea5ffb8cbde2127eae55f5f39aaa4823a7c1d98ec69
  languageName: node
  linkType: hard

"@aws-sdk/util-buffer-from@npm:3.55.0":
  version: 3.55.0
  resolution: "@aws-sdk/util-buffer-from@npm:3.55.0"
  dependencies:
    "@aws-sdk/is-array-buffer": 3.55.0
    tslib: ^2.3.1
  checksum: 0c1d72cf2369c13a8bff7d990f8e8da7f5584dcbdf1965cf50674d531b42d80661eebdbbaf968d6932760fc3f5708374a676d05485a1d02347655ea5f2423f57
  languageName: node
  linkType: hard

"@aws-sdk/util-config-provider@npm:3.109.0":
  version: 3.109.0
  resolution: "@aws-sdk/util-config-provider@npm:3.109.0"
  dependencies:
    tslib: ^2.3.1
  checksum: 99c9ef24faa555a317b46b782e211474dd9d666611e1aa76b963e93a6e7c54e32d5c20b87d9a601b9de68dfa1c7310d72667a74c335b31edb776e8494e2541af
  languageName: node
  linkType: hard

"@aws-sdk/util-defaults-mode-browser@npm:3.127.0":
  version: 3.127.0
  resolution: "@aws-sdk/util-defaults-mode-browser@npm:3.127.0"
  dependencies:
    "@aws-sdk/property-provider": 3.127.0
    "@aws-sdk/types": 3.127.0
    bowser: ^2.11.0
    tslib: ^2.3.1
  checksum: 1fb605622c20cf0a6b3a3ce9631fa9c16755333ed9239c62ba086723f7aecb182c9b0a35eba2ff1f2e0926d3c0ae3b2543134b507cd24a33843d19717c8a4051
  languageName: node
  linkType: hard

"@aws-sdk/util-defaults-mode-node@npm:3.130.0":
  version: 3.130.0
  resolution: "@aws-sdk/util-defaults-mode-node@npm:3.130.0"
  dependencies:
    "@aws-sdk/config-resolver": 3.130.0
    "@aws-sdk/credential-provider-imds": 3.127.0
    "@aws-sdk/node-config-provider": 3.127.0
    "@aws-sdk/property-provider": 3.127.0
    "@aws-sdk/types": 3.127.0
    tslib: ^2.3.1
  checksum: 6f005c4245c3f384fc48724ca0a2b5e4c1560ca69326b0b5faf57ccd776c028e86282861ce940c1bbef744824e80bd28d0f091dfa9399ca750d5ebb46909ecef
  languageName: node
  linkType: hard

"@aws-sdk/util-hex-encoding@npm:3.109.0":
  version: 3.109.0
  resolution: "@aws-sdk/util-hex-encoding@npm:3.109.0"
  dependencies:
    tslib: ^2.3.1
  checksum: 1c166b53d7f84c0271cb71da8ac0ef4a9bfd78f2d2d70e4a903921dd3c355a79a446fa66ff64522d87aa9c738f445fdfd527043980bea642ae3acbc7dd758edf
  languageName: node
  linkType: hard

"@aws-sdk/util-locate-window@npm:^3.0.0":
  version: 3.55.0
  resolution: "@aws-sdk/util-locate-window@npm:3.55.0"
  dependencies:
    tslib: ^2.3.1
  checksum: 5bc79779a17ae4dd5cbcc221df6e85c976a149c0868745ae58075a3c51506aeeb087dfde4b3e5179004461243b11f3a458de720ee92866c6a1b65182326259ae
  languageName: node
  linkType: hard

"@aws-sdk/util-middleware@npm:3.127.0":
  version: 3.127.0
  resolution: "@aws-sdk/util-middleware@npm:3.127.0"
  dependencies:
    tslib: ^2.3.1
  checksum: c845b1bf6339cdee9762f41c3578fafb780bf5341037d3381c4dc799ac31626031de2a80735a5edaf260da655b1ef054a950dda552aedeed4188dfe42c717e83
  languageName: node
  linkType: hard

"@aws-sdk/util-uri-escape@npm:3.55.0":
  version: 3.55.0
  resolution: "@aws-sdk/util-uri-escape@npm:3.55.0"
  dependencies:
    tslib: ^2.3.1
  checksum: fad6780856f2b42a11ce7bb1e2ea5b7a966a8f564f3d09e83dca024291ae589a0cb2a1d294812cd626346addeb292c178f84867e40f8fab6fca067bc42ad360a
  languageName: node
  linkType: hard

"@aws-sdk/util-user-agent-browser@npm:3.127.0":
  version: 3.127.0
  resolution: "@aws-sdk/util-user-agent-browser@npm:3.127.0"
  dependencies:
    "@aws-sdk/types": 3.127.0
    bowser: ^2.11.0
    tslib: ^2.3.1
  checksum: 42f08784b3f6f535516467e60897330e23b853e9ce134e9095170ef36c715aa04017b066fddf2b4830438bb00b630e7895dfcfbfaaa4d8de63d9983d9f205e25
  languageName: node
  linkType: hard

"@aws-sdk/util-user-agent-node@npm:3.127.0":
  version: 3.127.0
  resolution: "@aws-sdk/util-user-agent-node@npm:3.127.0"
  dependencies:
    "@aws-sdk/node-config-provider": 3.127.0
    "@aws-sdk/types": 3.127.0
    tslib: ^2.3.1
  peerDependencies:
    aws-crt: ">=1.0.0"
  peerDependenciesMeta:
    aws-crt:
      optional: true
  checksum: bba9cce7a775a3985b97960d64990d1b18ee39f0fdebcebd8d63f3eb951fe41f6808b9272ddafde2a4366f9e041bd10aec74aa8dba33d70101458dc8ce086ccf
  languageName: node
  linkType: hard

"@aws-sdk/util-utf8-browser@npm:3.109.0":
  version: 3.109.0
  resolution: "@aws-sdk/util-utf8-browser@npm:3.109.0"
  dependencies:
    tslib: ^2.3.1
  checksum: 8311763b04261dab5995ec67abf31795f41e9c4b1ad635ed305735e14c7e3bc48e9ae349a06aab485390358a6a58e97190144ea51190983cec4ae665887b219b
  languageName: node
  linkType: hard

"@aws-sdk/util-utf8-browser@npm:^3.0.0":
  version: 3.55.0
  resolution: "@aws-sdk/util-utf8-browser@npm:3.55.0"
  dependencies:
    tslib: ^2.3.1
  checksum: 669243578b2b311a57fd1568c68db4c56972434d4ad6aa9c646bff2845205b022199fb82e5c1252eeee20a1bf42947d3738c10cac9e404815b090aa53d5a7c4b
  languageName: node
  linkType: hard

"@aws-sdk/util-utf8-node@npm:3.109.0":
  version: 3.109.0
  resolution: "@aws-sdk/util-utf8-node@npm:3.109.0"
  dependencies:
    "@aws-sdk/util-buffer-from": 3.55.0
    tslib: ^2.3.1
  checksum: ef706db8c0ceb014bc2fb9e5045b54369160648a9e919836132f98c5537eda82193f400fab607783ecf98a5df11b66c32256c4f2780bc689d7507ddaf2a0977b
  languageName: node
  linkType: hard

"@aws-sdk/util-waiter@npm:3.127.0":
  version: 3.127.0
  resolution: "@aws-sdk/util-waiter@npm:3.127.0"
  dependencies:
    "@aws-sdk/abort-controller": 3.127.0
    "@aws-sdk/types": 3.127.0
    tslib: ^2.3.1
  checksum: 3c27de00e943409a1fb927e450ecb7bd83cd6eb6329e0fbf51f20bd657a35571f181074f2ca1b612f87c07844be53129bf868c4acd4c734e22313197e6c70b1e
  languageName: node
  linkType: hard

"@opentelemetry/api-metrics@npm:0.29.2":
  version: 0.29.2
  resolution: "@opentelemetry/api-metrics@npm:0.29.2"
  dependencies:
    "@opentelemetry/api": ^1.0.0
  checksum: 6197a1f05c8bfc72db7052b65d0612155f675282d796f4566fc1f99228f6c0b21df52bf9d865456992298d1a1720ea58dd79ec4b27b85563ec13f820dcaf2d3a
  languageName: node
  linkType: hard

"@opentelemetry/api@npm:1.1.0, @opentelemetry/api@npm:^1.0.0":
  version: 1.1.0
  resolution: "@opentelemetry/api@npm:1.1.0"
  checksum: 8be8e8dd20a473639a9bb9b4185b8984f537f86e49829ba1d4c4e909f4480309cb22696b7eb7122882878dac0b5f4ce799d66ed72248568bafed085d6269e1bc
  languageName: node
  linkType: hard

"@opentelemetry/context-async-hooks@npm:1.4.0":
  version: 1.4.0
  resolution: "@opentelemetry/context-async-hooks@npm:1.4.0"
  peerDependencies:
    "@opentelemetry/api": ">=1.0.0 <1.2.0"
  checksum: 68bb339c448a0eb1c7f427e8c2d9c4abb44aeaab74e22fe8d062a81de2645574c251e2ffc4eeb1e50eebbf004563d00c8d2e9cf747723454542aeaac8032f178
  languageName: node
  linkType: hard

"@opentelemetry/core@npm:1.4.0":
  version: 1.4.0
  resolution: "@opentelemetry/core@npm:1.4.0"
  dependencies:
    "@opentelemetry/semantic-conventions": 1.4.0
  peerDependencies:
    "@opentelemetry/api": ">=1.0.0 <1.2.0"
  checksum: f4973e35573ce298833cbe6cf051874073fe81372f7a14c35a9c5cd20706fb821015bdafdbf1ba132544d4b0346ad9b3a070d689372c3a3e9e7d29a5dd2fead3
  languageName: node
  linkType: hard

"@opentelemetry/core@npm:^1.0.0":
  version: 1.2.0
  resolution: "@opentelemetry/core@npm:1.2.0"
  dependencies:
    "@opentelemetry/semantic-conventions": 1.2.0
  peerDependencies:
    "@opentelemetry/api": ">=1.0.0 <1.2.0"
  checksum: 3cd57e02aa18d46d36570e825abfd8c0800a30a1935462686af0f735a577b7e6d9a094e83b298795e066bd059abc3a01bdb9bfeb34f32e4a20131d66246c800c
  languageName: node
  linkType: hard

"@opentelemetry/exporter-jaeger@npm:1.4.0":
  version: 1.4.0
  resolution: "@opentelemetry/exporter-jaeger@npm:1.4.0"
  dependencies:
    "@opentelemetry/core": 1.4.0
    "@opentelemetry/sdk-trace-base": 1.4.0
    "@opentelemetry/semantic-conventions": 1.4.0
    jaeger-client: ^3.15.0
  peerDependencies:
    "@opentelemetry/api": ^1.0.0
  checksum: df7c258c622cba13a0a62bac82ae7e1587d6d01e313be44c1fbcd262098931cc9d290e324f1c3f702121f4704c6710360a9618079d8fc9651e1ac36b381afb7f
  languageName: node
  linkType: hard

"@opentelemetry/instrumentation-aws-sdk@npm:0.8.0":
  version: 0.8.0
  resolution: "@opentelemetry/instrumentation-aws-sdk@npm:0.8.0"
  dependencies:
    "@opentelemetry/core": ^1.0.0
    "@opentelemetry/instrumentation": ^0.29.2
    "@opentelemetry/propagation-utils": ^0.28.0
    "@opentelemetry/semantic-conventions": ^1.0.0
  peerDependencies:
    "@opentelemetry/api": ^1.0.0
  checksum: b61345a2cb592488b38be521bb776010d3d648e197a88cd461ce9218a95fcd43c9ba070a5471e23c656061c94fc76e1b37b5651e5375c54c57e8c5392d0dc0b2
  languageName: node
  linkType: hard

"@opentelemetry/instrumentation@npm:^0.29.2":
  version: 0.29.2
  resolution: "@opentelemetry/instrumentation@npm:0.29.2"
  dependencies:
    "@opentelemetry/api-metrics": 0.29.2
    require-in-the-middle: ^5.0.3
    semver: ^7.3.2
    shimmer: ^1.2.1
  peerDependencies:
    "@opentelemetry/api": ^1.0.0
  checksum: 37ee3c0c1564de8d88e481be2a482ca0620124ba5affc6681695360f422161dae95c2fb4f4887b30b10e025ae3ec2d1c581dac9175457cac5f9963844fb79e18
  languageName: node
  linkType: hard

"@opentelemetry/propagation-utils@npm:^0.28.0":
  version: 0.28.0
  resolution: "@opentelemetry/propagation-utils@npm:0.28.0"
  peerDependencies:
    "@opentelemetry/api": ^1.0.0
  checksum: 4bb87e7526bd40e09657dd1a5bfc618048aa730f4057611cf8475462b8db69bff9d338829a81f09d12d4cdf6e39cdb54d3750fa2329d25f689240a9b739f70b1
  languageName: node
  linkType: hard

"@opentelemetry/propagator-b3@npm:1.4.0":
  version: 1.4.0
  resolution: "@opentelemetry/propagator-b3@npm:1.4.0"
  dependencies:
    "@opentelemetry/core": 1.4.0
  peerDependencies:
    "@opentelemetry/api": ">=1.0.0 <1.2.0"
  checksum: 203a64c43f8b613d3e5bb28c3fa17d7e6afe5e963d607afc99f377cb961b3dd1862339eacea75c5577effe8271a5471601b2bba5481e194f4d6af6f30ecaa074
  languageName: node
  linkType: hard

"@opentelemetry/propagator-jaeger@npm:1.4.0":
  version: 1.4.0
  resolution: "@opentelemetry/propagator-jaeger@npm:1.4.0"
  dependencies:
    "@opentelemetry/core": 1.4.0
  peerDependencies:
    "@opentelemetry/api": ">=1.0.0 <1.2.0"
  checksum: 2b09934c94197fc293aa6543b0b51c9fad133f4681c59ae595e0113e5e3bc34169b87e50e0ec2797ba2dc10dba347b08aa79c13dbd3a9e85665a92bdee199b1d
  languageName: node
  linkType: hard

"@opentelemetry/resources@npm:1.4.0":
  version: 1.4.0
  resolution: "@opentelemetry/resources@npm:1.4.0"
  dependencies:
    "@opentelemetry/core": 1.4.0
    "@opentelemetry/semantic-conventions": 1.4.0
  peerDependencies:
    "@opentelemetry/api": ">=1.0.0 <1.2.0"
  checksum: d82798320695a19f177582785796169d08fd61c58a49bc0f1436ab76d469b001386efba55aafc76bd738e4aab3816041b515341a121275a290cbc8adbc8d3dc1
  languageName: node
  linkType: hard

"@opentelemetry/sdk-trace-base@npm:1.4.0":
  version: 1.4.0
  resolution: "@opentelemetry/sdk-trace-base@npm:1.4.0"
  dependencies:
    "@opentelemetry/core": 1.4.0
    "@opentelemetry/resources": 1.4.0
    "@opentelemetry/semantic-conventions": 1.4.0
  peerDependencies:
    "@opentelemetry/api": ">=1.0.0 <1.2.0"
  checksum: 5246875e9304a618e50a811f34909ee4311b9156feb3f276b041d5ee2174f1c0791b9ad02e55a2172c0b114ec2d4c92dbc2225e13e2db1a19c36670e7a8bcedf
  languageName: node
  linkType: hard

"@opentelemetry/sdk-trace-node@npm:1.4.0":
  version: 1.4.0
  resolution: "@opentelemetry/sdk-trace-node@npm:1.4.0"
  dependencies:
    "@opentelemetry/context-async-hooks": 1.4.0
    "@opentelemetry/core": 1.4.0
    "@opentelemetry/propagator-b3": 1.4.0
    "@opentelemetry/propagator-jaeger": 1.4.0
    "@opentelemetry/sdk-trace-base": 1.4.0
    semver: ^7.3.5
  peerDependencies:
    "@opentelemetry/api": ">=1.0.0 <1.2.0"
  checksum: 3588a3d2ff7376f453fe540432cf28d16d565944fddb3f402833c84e0b15713ec954a9de94ce1ecd9ae46dbf3c4d25d7a43f7ff2255875060cfcb46a36719ac8
  languageName: node
  linkType: hard

"@opentelemetry/semantic-conventions@npm:1.2.0, @opentelemetry/semantic-conventions@npm:^1.0.0":
  version: 1.2.0
  resolution: "@opentelemetry/semantic-conventions@npm:1.2.0"
  checksum: ba8ebaaecab15e7aff26b59e028e9ceb73eba2fda6c8c3b9957277d66205a56781ab2a5d1f7bf321b92e0ca44d3e247336665ac4ccaef195455f838cbcab44ff
  languageName: node
  linkType: hard

"@opentelemetry/semantic-conventions@npm:1.4.0":
  version: 1.4.0
  resolution: "@opentelemetry/semantic-conventions@npm:1.4.0"
  checksum: 9e8ac93f048dd62d1ba93f38bf119720aa4da8d6b00f75fddda56c8c87c944d4d81d18438739c167c0133b25dabaa6ac7a3f4245f8ab4994dc25e7605d1faa0e
  languageName: node
  linkType: hard

"ansi-color@npm:^0.2.1":
  version: 0.2.1
  resolution: "ansi-color@npm:0.2.1"
  checksum: f3b809a91db1b2ec869a3bf5c0af13a4a8fa971d69a3404852b09d27e7789e1ca885ecd61d7c36f446d9c9f04980393ee099f9d02223d588a0dae19be033c4f3
  languageName: node
  linkType: hard

"aws-sdk-js-otel-test@workspace:.":
  version: 0.0.0-use.local
  resolution: "aws-sdk-js-otel-test@workspace:."
  dependencies:
    "@aws-sdk/client-dynamodb": 3.131.0
    "@opentelemetry/api": 1.1.0
    "@opentelemetry/exporter-jaeger": 1.4.0
    "@opentelemetry/instrumentation-aws-sdk": 0.8.0
    "@opentelemetry/resources": 1.4.0
    "@opentelemetry/sdk-trace-base": 1.4.0
    "@opentelemetry/sdk-trace-node": 1.4.0
    "@opentelemetry/semantic-conventions": 1.4.0
    prettier: 2.6.2
  languageName: unknown
  linkType: soft

"bowser@npm:^2.11.0":
  version: 2.11.0
  resolution: "bowser@npm:2.11.0"
  checksum: 29c3f01f22e703fa6644fc3b684307442df4240b6e10f6cfe1b61c6ca5721073189ca97cdeedb376081148c8518e33b1d818a57f781d70b0b70e1f31fb48814f
  languageName: node
  linkType: hard

"bufrw@npm:^1.3.0":
  version: 1.3.0
  resolution: "bufrw@npm:1.3.0"
  dependencies:
    ansi-color: ^0.2.1
    error: ^7.0.0
    hexer: ^1.5.0
    xtend: ^4.0.0
  checksum: e0cdfae2d1f4c0a2ffdc4e352ce3dbd547c4683c76072d48b98322945c318cbb0b6c2ccb5719d7de14abbe2076d68796f7d905b9b2c859fa29259fe66894b6c6
  languageName: node
  linkType: hard

"debug@npm:^4.1.1":
  version: 4.3.4
  resolution: "debug@npm:4.3.4"
  dependencies:
    ms: 2.1.2
  peerDependenciesMeta:
    supports-color:
      optional: true
  checksum: 3dbad3f94ea64f34431a9cbf0bafb61853eda57bff2880036153438f50fb5a84f27683ba0d8e5426bf41a8c6ff03879488120cf5b3a761e77953169c0600a708
  languageName: node
  linkType: hard

"entities@npm:2.2.0":
  version: 2.2.0
  resolution: "entities@npm:2.2.0"
  checksum: 19010dacaf0912c895ea262b4f6128574f9ccf8d4b3b65c7e8334ad0079b3706376360e28d8843ff50a78aabcb8f08f0a32dbfacdc77e47ed77ca08b713669b3
  languageName: node
  linkType: hard

"error@npm:7.0.2":
  version: 7.0.2
  resolution: "error@npm:7.0.2"
  dependencies:
    string-template: ~0.2.1
    xtend: ~4.0.0
  checksum: 407ff5faa73f5da3424a81d0160a1d3c6b5144e87cb1266334e7a4c2c7a69ae653e1b544032d7dbd8b210006858eea909ea0f46694b0484cd7555ba3086be0a8
  languageName: node
  linkType: hard

"error@npm:^7.0.0":
  version: 7.2.1
  resolution: "error@npm:7.2.1"
  dependencies:
    string-template: ~0.2.1
  checksum: 9c790d20a386947acfeabb0d1c39173efe8e5a38cb732b5f06c11a25c23ce8ac4dafbb7aa240565e034580a49aba0703e743d0274c6228500ddf947a1b998568
  languageName: node
  linkType: hard

"fast-xml-parser@npm:3.19.0":
  version: 3.19.0
  resolution: "fast-xml-parser@npm:3.19.0"
  bin:
    xml2js: cli.js
  checksum: d9da9145f73d90c05ee2746d80c78eca4da0249dea8c81ea8f1a6e1245e62988ed4a040dbd1c7229b1e0bdcbf69d33c882e0ac337d10c7eedb159a4dc9779327
  languageName: node
  linkType: hard

"function-bind@npm:^1.1.1":
  version: 1.1.1
  resolution: "function-bind@npm:1.1.1"
  checksum: b32fbaebb3f8ec4969f033073b43f5c8befbb58f1a79e12f1d7490358150359ebd92f49e72ff0144f65f2c48ea2a605bff2d07965f548f6474fd8efd95bf361a
  languageName: node
  linkType: hard

"has@npm:^1.0.3":
  version: 1.0.3
  resolution: "has@npm:1.0.3"
  dependencies:
    function-bind: ^1.1.1
  checksum: b9ad53d53be4af90ce5d1c38331e712522417d017d5ef1ebd0507e07c2fbad8686fffb8e12ddecd4c39ca9b9b47431afbb975b8abf7f3c3b82c98e9aad052792
  languageName: node
  linkType: hard

"hexer@npm:^1.5.0":
  version: 1.5.0
  resolution: "hexer@npm:1.5.0"
  dependencies:
    ansi-color: ^0.2.1
    minimist: ^1.1.0
    process: ^0.10.0
    xtend: ^4.0.0
  bin:
    hexer: ./cli.js
  checksum: 2e7a919da953ae7bc8ee3d88b01615fd640a71f65cfaa8e7f0775f44ebbd06fe9d3b901a582c155a518537282dd231f5ca2f8523a5e7b84defc0b07f16854c22
  languageName: node
  linkType: hard

"is-core-module@npm:^2.8.1":
  version: 2.9.0
  resolution: "is-core-module@npm:2.9.0"
  dependencies:
    has: ^1.0.3
  checksum: b27034318b4b462f1c8f1dfb1b32baecd651d891a4e2d1922135daeff4141dfced2b82b07aef83ef54275c4a3526aa38da859223664d0868ca24182badb784ce
  languageName: node
  linkType: hard

"jaeger-client@npm:^3.15.0":
  version: 3.19.0
  resolution: "jaeger-client@npm:3.19.0"
  dependencies:
    node-int64: ^0.4.0
    opentracing: ^0.14.4
    thriftrw: ^3.5.0
    uuid: ^8.3.2
    xorshift: ^1.1.1
  checksum: fcdc0523b70299c0db1c07e6c209fa170cef75aa3ad00e6241c906423ba07dc6112a60e1b96de59c2a8eb9d335bf0a0c2a23cc13595ef24aededca2fdff65837
  languageName: node
  linkType: hard

"long@npm:^2.4.0":
  version: 2.4.0
  resolution: "long@npm:2.4.0"
  checksum: e24fd5e14be90ba6ec3faa43b3b0f1c4ac88bfdc52471d90f63e173572f6db27c45873e847f8af58283ca3140eb42d7ba11708102f3cc0956793b03305c737e0
  languageName: node
  linkType: hard

"lru-cache@npm:^6.0.0":
  version: 6.0.0
  resolution: "lru-cache@npm:6.0.0"
  dependencies:
    yallist: ^4.0.0
  checksum: f97f499f898f23e4585742138a22f22526254fdba6d75d41a1c2526b3b6cc5747ef59c5612ba7375f42aca4f8461950e925ba08c991ead0651b4918b7c978297
  languageName: node
  linkType: hard

"minimist@npm:^1.1.0":
  version: 1.2.6
  resolution: "minimist@npm:1.2.6"
  checksum: d15428cd1e11eb14e1233bcfb88ae07ed7a147de251441d61158619dfb32c4d7e9061d09cab4825fdee18ecd6fce323228c8c47b5ba7cd20af378ca4048fb3fb
  languageName: node
  linkType: hard

"mnemonist@npm:0.38.3":
  version: 0.38.3
  resolution: "mnemonist@npm:0.38.3"
  dependencies:
    obliterator: ^1.6.1
  checksum: 894237fc6fd71ec0056eb4a20d9b16dbcd3d77620098dcd3888bdfe3d7a6c9b94355f480aba61a277a16e63c0b99c43f517c0bb283033f982e24b9fcae797447
  languageName: node
  linkType: hard

"module-details-from-path@npm:^1.0.3":
  version: 1.0.3
  resolution: "module-details-from-path@npm:1.0.3"
  checksum: 378a8a26013889aa3086bfb0776b7860c5bb957336253e1ba5d779c2f239a218930b145ca76e52c1dd7c8079d52b2af64b8eec30822f81ffdb0dfa27d6fe6f33
  languageName: node
  linkType: hard

"ms@npm:2.1.2":
  version: 2.1.2
  resolution: "ms@npm:2.1.2"
  checksum: 673cdb2c3133eb050c745908d8ce632ed2c02d85640e2edb3ace856a2266a813b30c613569bf3354fdf4ea7d1a1494add3bfa95e2713baa27d0c2c71fc44f58f
  languageName: node
  linkType: hard

"node-int64@npm:^0.4.0":
  version: 0.4.0
  resolution: "node-int64@npm:0.4.0"
  checksum: d0b30b1ee6d961851c60d5eaa745d30b5c95d94bc0e74b81e5292f7c42a49e3af87f1eb9e89f59456f80645d679202537de751b7d72e9e40ceea40c5e449057e
  languageName: node
  linkType: hard

"obliterator@npm:^1.6.1":
  version: 1.6.1
  resolution: "obliterator@npm:1.6.1"
  checksum: 12412ce97bc9680a50ec1e865c9f106f924497f0b73c01947031079da7c9a0f5212f3a1aeea3227f7771ed4a273e42b2a2e6ff93578301c8117dbb3135770133
  languageName: node
  linkType: hard

"opentracing@npm:^0.14.4":
  version: 0.14.7
  resolution: "opentracing@npm:0.14.7"
  checksum: 5f7e44439062d056a2a72ac89eff463c9cf5659a2aea230ff7f5a226c5e960c195ce04ec2e2cc590140bbb9c5d2be11a5a50a23484cbe2d0e132af4309d4c904
  languageName: node
  linkType: hard

"path-parse@npm:^1.0.7":
  version: 1.0.7
  resolution: "path-parse@npm:1.0.7"
  checksum: 49abf3d81115642938a8700ec580da6e830dde670be21893c62f4e10bd7dd4c3742ddc603fe24f898cba7eb0c6bc1777f8d9ac14185d34540c6d4d80cd9cae8a
  languageName: node
  linkType: hard

"prettier@npm:2.6.2":
  version: 2.6.2
  resolution: "prettier@npm:2.6.2"
  bin:
    prettier: bin-prettier.js
  checksum: 48d08dde8e9fb1f5bccdd205baa7f192e9fc8bc98f86e1b97d919de804e28c806b0e6cc685e4a88211aa7987fa9668f30baae19580d87ced3ed0f2ec6572106f
  languageName: node
  linkType: hard

"process@npm:^0.10.0":
  version: 0.10.1
  resolution: "process@npm:0.10.1"
  checksum: bdaaa28a8edf96d5daa0f5c1faf4adfedce512ebca829a82e846d991492780c34eb934decf4fa5b311c698881d07a8d4592b4d7ea53ec03d51580a2f364d3e30
  languageName: node
  linkType: hard

"require-in-the-middle@npm:^5.0.3":
  version: 5.1.0
  resolution: "require-in-the-middle@npm:5.1.0"
  dependencies:
    debug: ^4.1.1
    module-details-from-path: ^1.0.3
    resolve: ^1.12.0
  checksum: 375f2e4b822c3fac5d65613082d93d5f9451cdbfb1cdfaf757febe2983aac3525ea5b8f95a10f2ee8304e6328d304d3c885830e255209d359faf66e5a3aa62e8
  languageName: node
  linkType: hard

"resolve@npm:^1.12.0":
  version: 1.22.0
  resolution: "resolve@npm:1.22.0"
  dependencies:
    is-core-module: ^2.8.1
    path-parse: ^1.0.7
    supports-preserve-symlinks-flag: ^1.0.0
  bin:
    resolve: bin/resolve
  checksum: a2d14cc437b3a23996f8c7367eee5c7cf8149c586b07ca2ae00e96581ce59455555a1190be9aa92154785cf9f2042646c200d0e00e0bbd2b8a995a93a0ed3e4e
  languageName: node
  linkType: hard

"resolve@patch:resolve@^1.12.0#~builtin<compat/resolve>":
  version: 1.22.0
  resolution: "resolve@patch:resolve@npm%3A1.22.0#~builtin<compat/resolve>::version=1.22.0&hash=07638b"
  dependencies:
    is-core-module: ^2.8.1
    path-parse: ^1.0.7
    supports-preserve-symlinks-flag: ^1.0.0
  bin:
    resolve: bin/resolve
  checksum: c79ecaea36c872ee4a79e3db0d3d4160b593f2ca16e031d8283735acd01715a203607e9ded3f91f68899c2937fa0d49390cddbe0fb2852629212f3cda283f4a7
  languageName: node
  linkType: hard

"semver@npm:^7.3.2, semver@npm:^7.3.5":
  version: 7.3.7
  resolution: "semver@npm:7.3.7"
  dependencies:
    lru-cache: ^6.0.0
  bin:
    semver: bin/semver.js
  checksum: 2fa3e877568cd6ce769c75c211beaed1f9fce80b28338cadd9d0b6c40f2e2862bafd62c19a6cff42f3d54292b7c623277bcab8816a2b5521cf15210d43e75232
  languageName: node
  linkType: hard

"shimmer@npm:^1.2.1":
  version: 1.2.1
  resolution: "shimmer@npm:1.2.1"
  checksum: aa0d6252ad1c682a4fdfda69e541be987f7a265ac7b00b1208e5e48cc68dc55f293955346ea4c71a169b7324b82c70f8400b3d3d2d60b2a7519f0a3522423250
  languageName: node
  linkType: hard

"string-template@npm:~0.2.1":
  version: 0.2.1
  resolution: "string-template@npm:0.2.1"
  checksum: 042cdcf4d4832378f12fbf45b42f479990f330cc409e6dc184838801efbc8352ccf9428fe169f8f8cfff2b864879d4ba1ef8b5f41d63d1d71844c48005a1683f
  languageName: node
  linkType: hard

"supports-preserve-symlinks-flag@npm:^1.0.0":
  version: 1.0.0
  resolution: "supports-preserve-symlinks-flag@npm:1.0.0"
  checksum: 53b1e247e68e05db7b3808b99b892bd36fb096e6fba213a06da7fab22045e97597db425c724f2bbd6c99a3c295e1e73f3e4de78592289f38431049e1277ca0ae
  languageName: node
  linkType: hard

"thriftrw@npm:^3.5.0":
  version: 3.12.0
  resolution: "thriftrw@npm:3.12.0"
  dependencies:
    bufrw: ^1.3.0
    error: 7.0.2
    long: ^2.4.0
  bin:
    thrift2json: ./thrift2json.js
  checksum: fc03374131a713f5c5eca712a4092abf48282d985d23542f3ef7c92d222af52716e7037c446d5734708cc514d8fad42674f82dd6a9c59b8807beba0a1169b539
  languageName: node
  linkType: hard

"tslib@npm:^1.11.1":
  version: 1.14.1
  resolution: "tslib@npm:1.14.1"
  checksum: dbe628ef87f66691d5d2959b3e41b9ca0045c3ee3c7c7b906cc1e328b39f199bb1ad9e671c39025bd56122ac57dfbf7385a94843b1cc07c60a4db74795829acd
  languageName: node
  linkType: hard

"tslib@npm:^2.3.1":
  version: 2.4.0
  resolution: "tslib@npm:2.4.0"
  checksum: 8c4aa6a3c5a754bf76aefc38026134180c053b7bd2f81338cb5e5ebf96fefa0f417bff221592bf801077f5bf990562f6264fecbc42cd3309b33872cb6fc3b113
  languageName: node
  linkType: hard

"uuid@npm:^8.3.2":
  version: 8.3.2
  resolution: "uuid@npm:8.3.2"
  bin:
    uuid: dist/bin/uuid
  checksum: 5575a8a75c13120e2f10e6ddc801b2c7ed7d8f3c8ac22c7ed0c7b2ba6383ec0abda88c905085d630e251719e0777045ae3236f04c812184b7c765f63a70e58df
  languageName: node
  linkType: hard

"xorshift@npm:^1.1.1":
  version: 1.2.0
  resolution: "xorshift@npm:1.2.0"
  checksum: bb5575707d20a806e71fa3e80bc3dc083a4bcf3c82965bd27b797a355cf87583273fe7676cfc9c7ffaa4c17d5a171903462045e2154e51fe1f07b90a4dc6b9d2
  languageName: node
  linkType: hard

"xtend@npm:^4.0.0, xtend@npm:~4.0.0":
  version: 4.0.2
  resolution: "xtend@npm:4.0.2"
  checksum: ac5dfa738b21f6e7f0dd6e65e1b3155036d68104e67e5d5d1bde74892e327d7e5636a076f625599dc394330a731861e87343ff184b0047fef1360a7ec0a5a36a
  languageName: node
  linkType: hard

"yallist@npm:^4.0.0":
  version: 4.0.0
  resolution: "yallist@npm:4.0.0"
  checksum: 343617202af32df2a15a3be36a5a8c0c8545208f3d3dfbc6bb7c3e3b7e8c6f8e7485432e4f3b88da3031a6e20afa7c711eded32ddfb122896ac5d914e75848d5
  languageName: node
  linkType: hard
